// !$*UTF8*$!
{
	archiveVersion = 1;
	classes = {
	};
	objectVersion = 46;
	objects = {

/* Begin PBXBuildFile section */
		D20358541EADA8DE003A58FA /* AppDelegate.swift in Sources */ = {isa = PBXBuildFile; fileRef = D20358531EADA8DE003A58FA /* AppDelegate.swift */; };
		D20358561EADA8DE003A58FA /* ViewController.swift in Sources */ = {isa = PBXBuildFile; fileRef = D20358551EADA8DE003A58FA /* ViewController.swift */; };
		D20358591EADA8DE003A58FA /* Main.storyboard in Resources */ = {isa = PBXBuildFile; fileRef = D20358571EADA8DE003A58FA /* Main.storyboard */; };
		D203585B1EADA8DE003A58FA /* Assets.xcassets in Resources */ = {isa = PBXBuildFile; fileRef = D203585A1EADA8DE003A58FA /* Assets.xcassets */; };
		D203585E1EADA8DE003A58FA /* LaunchScreen.storyboard in Resources */ = {isa = PBXBuildFile; fileRef = D203585C1EADA8DE003A58FA /* LaunchScreen.storyboard */; };
		D20358691EADA8DE003A58FA /* SecondKadaiAppTests.swift in Sources */ = {isa = PBXBuildFile; fileRef = D20358681EADA8DE003A58FA /* SecondKadaiAppTests.swift */; };
		D20358741EADA8DE003A58FA /* SecondKadaiAppUITests.swift in Sources */ = {isa = PBXBuildFile; fileRef = D20358731EADA8DE003A58FA /* SecondKadaiAppUITests.swift */; };
/* End PBXBuildFile section */

/* Begin PBXContainerItemProxy section */
		D20358651EADA8DE003A58FA /* PBXContainerItemProxy */ = {
			isa = PBXContainerItemProxy;
			containerPortal = D20358481EADA8DE003A58FA /* Project object */;
			proxyType = 1;
			remoteGlobalIDString = D203584F1EADA8DE003A58FA;
			remoteInfo = SecondKadaiApp;
		};
		D20358701EADA8DE003A58FA /* PBXContainerItemProxy */ = {
			isa = PBXContainerItemProxy;
			containerPortal = D20358481EADA8DE003A58FA /* Project object */;
			proxyType = 1;
			remoteGlobalIDString = D203584F1EADA8DE003A58FA;
			remoteInfo = SecondKadaiApp;
		};
/* End PBXContainerItemProxy section */

/* Begin PBXFileReference section */
		D20358501EADA8DE003A58FA /* SecondKadaiApp.app */ = {isa = PBXFileReference; explicitFileType = wrapper.application; includeInIndex = 0; path = SecondKadaiApp.app; sourceTree = BUILT_PRODUCTS_DIR; };
		D20358531EADA8DE003A58FA /* AppDelegate.swift */ = {isa = PBXFileReference; lastKnownFileType = sourcecode.swift; path = AppDelegate.swift; sourceTree = "<group>"; };
		D20358551EADA8DE003A58FA /* ViewController.swift */ = {isa = PBXFileReference; lastKnownFileType = sourcecode.swift; path = ViewController.swift; sourceTree = "<group>"; };
		D20358581EADA8DE003A58FA /* Base */ = {isa = PBXFileReference; lastKnownFileType = file.storyboard; name = Base; path = Base.lproj/Main.storyboard; sourceTree = "<group>"; };
		D203585A1EADA8DE003A58FA /* Assets.xcassets */ = {isa = PBXFileReference; lastKnownFileType = folder.assetcatalog; path = Assets.xcassets; sourceTree = "<group>"; };
		D203585D1EADA8DE003A58FA /* Base */ = {isa = PBXFileReference; lastKnownFileType = file.storyboard; name = Base; path = Base.lproj/LaunchScreen.storyboard; sourceTree = "<group>"; };
		D203585F1EADA8DE003A58FA /* Info.plist */ = {isa = PBXFileReference; lastKnownFileType = text.plist.xml; path = Info.plist; sourceTree = "<group>"; };
		D20358641EADA8DE003A58FA /* SecondKadaiAppTests.xctest */ = {isa = PBXFileReference; explicitFileType = wrapper.cfbundle; includeInIndex = 0; path = SecondKadaiAppTests.xctest; sourceTree = BUILT_PRODUCTS_DIR; };
		D20358681EADA8DE003A58FA /* SecondKadaiAppTests.swift */ = {isa = PBXFileReference; lastKnownFileType = sourcecode.swift; path = SecondKadaiAppTests.swift; sourceTree = "<group>"; };
		D203586A1EADA8DE003A58FA /* Info.plist */ = {isa = PBXFileReference; lastKnownFileType = text.plist.xml; path = Info.plist; sourceTree = "<group>"; };
		D203586F1EADA8DE003A58FA /* SecondKadaiAppUITests.xctest */ = {isa = PBXFileReference; explicitFileType = wrapper.cfbundle; includeInIndex = 0; path = SecondKadaiAppUITests.xctest; sourceTree = BUILT_PRODUCTS_DIR; };
		D20358731EADA8DE003A58FA /* SecondKadaiAppUITests.swift */ = {isa = PBXFileReference; lastKnownFileType = sourcecode.swift; path = SecondKadaiAppUITests.swift; sourceTree = "<group>"; };
		D20358751EADA8DE003A58FA /* Info.plist */ = {isa = PBXFileReference; lastKnownFileType = text.plist.xml; path = Info.plist; sourceTree = "<group>"; };
/* End PBXFileReference section */

/* Begin PBXFrameworksBuildPhase section */
		D203584D1EADA8DE003A58FA /* Frameworks */ = {
			isa = PBXFrameworksBuildPhase;
			buildActionMask = 2147483647;
			files = (
			);
			runOnlyForDeploymentPostprocessing = 0;
		};
		D20358611EADA8DE003A58FA /* Frameworks */ = {
			isa = PBXFrameworksBuildPhase;
			buildActionMask = 2147483647;
			files = (
			);
			runOnlyForDeploymentPostprocessing = 0;
		};
		D203586C1EADA8DE003A58FA /* Frameworks */ = {
			isa = PBXFrameworksBuildPhase;
			buildActionMask = 2147483647;
			files = (
			);
			runOnlyForDeploymentPostprocessing = 0;
		};
/* End PBXFrameworksBuildPhase section */

/* Begin PBXGroup section */
		D20358471EADA8DE003A58FA = {
			isa = PBXGroup;
			children = (
				D20358521EADA8DE003A58FA /* SecondKadaiApp */,
				D20358671EADA8DE003A58FA /* SecondKadaiAppTests */,
				D20358721EADA8DE003A58FA /* SecondKadaiAppUITests */,
				D20358511EADA8DE003A58FA /* Products */,
			);
			sourceTree = "<group>";
		};
		D20358511EADA8DE003A58FA /* Products */ = {
			isa = PBXGroup;
			children = (
				D20358501EADA8DE003A58FA /* SecondKadaiApp.app */,
				D20358641EADA8DE003A58FA /* SecondKadaiAppTests.xctest */,
				D203586F1EADA8DE003A58FA /* SecondKadaiAppUITests.xctest */,
			);
			name = Products;
			sourceTree = "<group>";
		};
		D20358521EADA8DE003A58FA /* SecondKadaiApp */ = {
			isa = PBXGroup;
			children = (
				D20358531EADA8DE003A58FA /* AppDelegate.swift */,
				D20358551EADA8DE003A58FA /* ViewController.swift */,
				D20358571EADA8DE003A58FA /* Main.storyboard */,
				D203585A1EADA8DE003A58FA /* Assets.xcassets */,
				D203585C1EADA8DE003A58FA /* LaunchScreen.storyboard */,
				D203585F1EADA8DE003A58FA /* Info.plist */,
			);
			path = SecondKadaiApp;
			sourceTree = "<group>";
		};
		D20358671EADA8DE003A58FA /* SecondKadaiAppTests */ = {
			isa = PBXGroup;
			children = (
				D20358681EADA8DE003A58FA /* SecondKadaiAppTests.swift */,
				D203586A1EADA8DE003A58FA /* Info.plist */,
			);
			path = SecondKadaiAppTests;
			sourceTree = "<group>";
		};
		D20358721EADA8DE003A58FA /* SecondKadaiAppUITests */ = {
			isa = PBXGroup;
			children = (
				D20358731EADA8DE003A58FA /* SecondKadaiAppUITests.swift */,
				D20358751EADA8DE003A58FA /* Info.plist */,
			);
			path = SecondKadaiAppUITests;
			sourceTree = "<group>";
		};
/* End PBXGroup section */

/* Begin PBXNativeTarget section */
		D203584F1EADA8DE003A58FA /* SecondKadaiApp */ = {
			isa = PBXNativeTarget;
			buildConfigurationList = D20358781EADA8DE003A58FA /* Build configuration list for PBXNativeTarget "SecondKadaiApp" */;
			buildPhases = (
				D203584C1EADA8DE003A58FA /* Sources */,
				D203584D1EADA8DE003A58FA /* Frameworks */,
				D203584E1EADA8DE003A58FA /* Resources */,
			);
			buildRules = (
			);
			dependencies = (
			);
			name = SecondKadaiApp;
			productName = SecondKadaiApp;
			productReference = D20358501EADA8DE003A58FA /* SecondKadaiApp.app */;
			productType = "com.apple.product-type.application";
		};
		D20358631EADA8DE003A58FA /* SecondKadaiAppTests */ = {
			isa = PBXNativeTarget;
			buildConfigurationList = D203587B1EADA8DE003A58FA /* Build configuration list for PBXNativeTarget "SecondKadaiAppTests" */;
			buildPhases = (
				D20358601EADA8DE003A58FA /* Sources */,
				D20358611EADA8DE003A58FA /* Frameworks */,
				D20358621EADA8DE003A58FA /* Resources */,
			);
			buildRules = (
			);
			dependencies = (
				D20358661EADA8DE003A58FA /* PBXTargetDependency */,
			);
			name = SecondKadaiAppTests;
			productName = SecondKadaiAppTests;
			productReference = D20358641EADA8DE003A58FA /* SecondKadaiAppTests.xctest */;
			productType = "com.apple.product-type.bundle.unit-test";
		};
		D203586E1EADA8DE003A58FA /* SecondKadaiAppUITests */ = {
			isa = PBXNativeTarget;
			buildConfigurationList = D203587E1EADA8DE003A58FA /* Build configuration list for PBXNativeTarget "SecondKadaiAppUITests" */;
			buildPhases = (
				D203586B1EADA8DE003A58FA /* Sources */,
				D203586C1EADA8DE003A58FA /* Frameworks */,
				D203586D1EADA8DE003A58FA /* Resources */,
			);
			buildRules = (
			);
			dependencies = (
				D20358711EADA8DE003A58FA /* PBXTargetDependency */,
			);
			name = SecondKadaiAppUITests;
			productName = SecondKadaiAppUITests;
			productReference = D203586F1EADA8DE003A58FA /* SecondKadaiAppUITests.xctest */;
			productType = "com.apple.product-type.bundle.ui-testing";
		};
/* End PBXNativeTarget section */

/* Begin PBXProject section */
		D20358481EADA8DE003A58FA /* Project object */ = {
			isa = PBXProject;
			attributes = {
				LastSwiftUpdateCheck = 0830;
				LastUpgradeCheck = 0830;
				ORGANIZATIONNAME = taiki.itou;
				TargetAttributes = {
					D203584F1EADA8DE003A58FA = {
						CreatedOnToolsVersion = 8.3.1;
						ProvisioningStyle = Automatic;
					};
					D20358631EADA8DE003A58FA = {
						CreatedOnToolsVersion = 8.3.1;
						ProvisioningStyle = Automatic;
						TestTargetID = D203584F1EADA8DE003A58FA;
					};
					D203586E1EADA8DE003A58FA = {
						CreatedOnToolsVersion = 8.3.1;
						ProvisioningStyle = Automatic;
						TestTargetID = D203584F1EADA8DE003A58FA;
					};
				};
			};
			buildConfigurationList = D203584B1EADA8DE003A58FA /* Build configuration list for PBXProject "SecondKadaiApp" */;
			compatibilityVersion = "Xcode 3.2";
			developmentRegion = English;
			hasScannedForEncodings = 0;
			knownRegions = (
				en,
				Base,
			);
			mainGroup = D20358471EADA8DE003A58FA;
			productRefGroup = D20358511EADA8DE003A58FA /* Products */;
			projectDirPath = "";
			projectRoot = "";
			targets = (
				D203584F1EADA8DE003A58FA /* SecondKadaiApp */,
				D20358631EADA8DE003A58FA /* SecondKadaiAppTests */,
				D203586E1EADA8DE003A58FA /* SecondKadaiAppUITests */,
			);
		};
/* End PBXProject section */

/* Begin PBXResourcesBuildPhase section */
		D203584E1EADA8DE003A58FA /* Resources */ = {
			isa = PBXResourcesBuildPhase;
			buildActionMask = 2147483647;
			files = (
				D203585E1EADA8DE003A58FA /* LaunchScreen.storyboard in Resources */,
				D203585B1EADA8DE003A58FA /* Assets.xcassets in Resources */,
				D20358591EADA8DE003A58FA /* Main.storyboard in Resources */,
			);
			runOnlyForDeploymentPostprocessing = 0;
		};
		D20358621EADA8DE003A58FA /* Resources */ = {
			isa = PBXResourcesBuildPhase;
			buildActionMask = 2147483647;
			files = (
			);
			runOnlyForDeploymentPostprocessing = 0;
		};
		D203586D1EADA8DE003A58FA /* Resources */ = {
			isa = PBXResourcesBuildPhase;
			buildActionMask = 2147483647;
			files = (
			);
			runOnlyForDeploymentPostprocessing = 0;
		};
/* End PBXResourcesBuildPhase section */

/* Begin PBXSourcesBuildPhase section */
		D203584C1EADA8DE003A58FA /* Sources */ = {
			isa = PBXSourcesBuildPhase;
			buildActionMask = 2147483647;
			files = (
				D20358561EADA8DE003A58FA /* ViewController.swift in Sources */,
				D20358541EADA8DE003A58FA /* AppDelegate.swift in Sources */,
			);
			runOnlyForDeploymentPostprocessing = 0;
		};
		D20358601EADA8DE003A58FA /* Sources */ = {
			isa = PBXSourcesBuildPhase;
			buildActionMask = 2147483647;
			files = (
				D20358691EADA8DE003A58FA /* SecondKadaiAppTests.swift in Sources */,
			);
			runOnlyForDeploymentPostprocessing = 0;
		};
		D203586B1EADA8DE003A58FA /* Sources */ = {
			isa = PBXSourcesBuildPhase;
			buildActionMask = 2147483647;
			files = (
				D20358741EADA8DE003A58FA /* SecondKadaiAppUITests.swift in Sources */,
			);
			runOnlyForDeploymentPostprocessing = 0;
		};
/* End PBXSourcesBuildPhase section */

/* Begin PBXTargetDependency section */
		D20358661EADA8DE003A58FA /* PBXTargetDependency */ = {
			isa = PBXTargetDependency;
			target = D203584F1EADA8DE003A58FA /* SecondKadaiApp */;
			targetProxy = D20358651EADA8DE003A58FA /* PBXContainerItemProxy */;
		};
		D20358711EADA8DE003A58FA /* PBXTargetDependency */ = {
			isa = PBXTargetDependency;
			target = D203584F1EADA8DE003A58FA /* SecondKadaiApp */;
			targetProxy = D20358701EADA8DE003A58FA /* PBXContainerItemProxy */;
		};
/* End PBXTargetDependency section */

/* Begin PBXVariantGroup section */
		D20358571EADA8DE003A58FA /* Main.storyboard */ = {
			isa = PBXVariantGroup;
			children = (
				D20358581EADA8DE003A58FA /* Base */,
			);
			name = Main.storyboard;
			sourceTree = "<group>";
		};
		D203585C1EADA8DE003A58FA /* LaunchScreen.storyboard */ = {
			isa = PBXVariantGroup;
			children = (
				D203585D1EADA8DE003A58FA /* Base */,
			);
			name = LaunchScreen.storyboard;
			sourceTree = "<group>";
		};
/* End PBXVariantGroup section */

/* Begin XCBuildConfiguration section */
		D20358761EADA8DE003A58FA /* Debug */ = {
			isa = XCBuildConfiguration;
			buildSettings = {
				ALWAYS_SEARCH_USER_PATHS = NO;
				CLANG_ANALYZER_NONNULL = YES;
				CLANG_ANALYZER_NUMBER_OBJECT_CONVERSION = YES_AGGRESSIVE;
				CLANG_CXX_LANGUAGE_STANDARD = "gnu++0x";
				CLANG_CXX_LIBRARY = "libc++";
				CLANG_ENABLE_MODULES = YES;
				CLANG_ENABLE_OBJC_ARC = YES;
				CLANG_WARN_BOOL_CONVERSION = YES;
				CLANG_WARN_CONSTANT_CONVERSION = YES;
				CLANG_WARN_DIRECT_OBJC_ISA_USAGE = YES_ERROR;
				CLANG_WARN_DOCUMENTATION_COMMENTS = YES;
				CLANG_WARN_EMPTY_BODY = YES;
				CLANG_WARN_ENUM_CONVERSION = YES;
				CLANG_WARN_INFINITE_RECURSION = YES;
				CLANG_WARN_INT_CONVERSION = YES;
				CLANG_WARN_OBJC_ROOT_CLASS = YES_ERROR;
				CLANG_WARN_SUSPICIOUS_MOVE = YES;
				CLANG_WARN_UNREACHABLE_CODE = YES;
				CLANG_WARN__DUPLICATE_METHOD_MATCH = YES;
				"CODE_SIGN_IDENTITY[sdk=iphoneos*]" = "iPhone Developer";
				COPY_PHASE_STRIP = NO;
				DEBUG_INFORMATION_FORMAT = dwarf;
				ENABLE_STRICT_OBJC_MSGSEND = YES;
				ENABLE_TESTABILITY = YES;
				GCC_C_LANGUAGE_STANDARD = gnu99;
				GCC_DYNAMIC_NO_PIC = NO;
				GCC_NO_COMMON_BLOCKS = YES;
				GCC_OPTIMIZATION_LEVEL = 0;
				GCC_PREPROCESSOR_DEFINITIONS = (
					"DEBUG=1",
					"$(inherited)",
				);
				GCC_WARN_64_TO_32_BIT_CONVERSION = YES;
				GCC_WARN_ABOUT_RETURN_TYPE = YES_ERROR;
				GCC_WARN_UNDECLARED_SELECTOR = YES;
				GCC_WARN_UNINITIALIZED_AUTOS = YES_AGGRESSIVE;
				GCC_WARN_UNUSED_FUNCTION = YES;
				GCC_WARN_UNUSED_VARIABLE = YES;
				IPHONEOS_DEPLOYMENT_TARGET = 10.3;
				MTL_ENABLE_DEBUG_INFO = YES;
				ONLY_ACTIVE_ARCH = YES;
				SDKROOT = iphoneos;
				SWIFT_ACTIVE_COMPILATION_CONDITIONS = DEBUG;
				SWIFT_OPTIMIZATION_LEVEL = "-Onone";
			};
			name = Debug;
		};
		D20358771EADA8DE003A58FA /* Release */ = {
			isa = XCBuildConfiguration;
			buildSettings = {
				ALWAYS_SEARCH_USER_PATHS = NO;
				CLANG_ANALYZER_NONNULL = YES;
				CLANG_ANALYZER_NUMBER_OBJECT_CONVERSION = YES_AGGRESSIVE;
				CLANG_CXX_LANGUAGE_STANDARD = "gnu++0x";
				CLANG_CXX_LIBRARY = "libc++";
				CLANG_ENABLE_MODULES = YES;
				CLANG_ENABLE_OBJC_ARC = YES;
				CLANG_WARN_BOOL_CONVERSION = YES;
				CLANG_WARN_CONSTANT_CONVERSION = YES;
				CLANG_WARN_DIRECT_OBJC_ISA_USAGE = YES_ERROR;
				CLANG_WARN_DOCUMENTATION_COMMENTS = YES;
				CLANG_WARN_EMPTY_BODY = YES;
				CLANG_WARN_ENUM_CONVERSION = YES;
				CLANG_WARN_INFINITE_RECURSION = YES;
				CLANG_WARN_INT_CONVERSION = YES;
				CLANG_WARN_OBJC_ROOT_CLASS = YES_ERROR;
				CLANG_WARN_SUSPICIOUS_MOVE = YES;
				CLANG_WARN_UNREACHABLE_CODE = YES;
				CLANG_WARN__DUPLICATE_METHOD_MATCH = YES;
				"CODE_SIGN_IDENTITY[sdk=iphoneos*]" = "iPhone Developer";
				COPY_PHASE_STRIP = NO;
				DEBUG_INFORMATION_FORMAT = "dwarf-with-dsym";
				ENABLE_NS_ASSERTIONS = NO;
				ENABLE_STRICT_OBJC_MSGSEND = YES;
				GCC_C_LANGUAGE_STANDARD = gnu99;
				GCC_NO_COMMON_BLOCKS = YES;
				GCC_WARN_64_TO_32_BIT_CONVERSION = YES;
				GCC_WARN_ABOUT_RETURN_TYPE = YES_ERROR;
				GCC_WARN_UNDECLARED_SELECTOR = YES;
				GCC_WARN_UNINITIALIZED_AUTOS = YES_AGGRESSIVE;
				GCC_WARN_UNUSED_FUNCTION = YES;
				GCC_WARN_UNUSED_VARIABLE = YES;
				IPHONEOS_DEPLOYMENT_TARGET = 10.3;
				MTL_ENABLE_DEBUG_INFO = NO;
				SDKROOT = iphoneos;
				SWIFT_OPTIMIZATION_LEVEL = "-Owholemodule";
				VALIDATE_PRODUCT = YES;
			};
			name = Release;
		};
		D20358791EADA8DE003A58FA /* Debug */ = {
			isa = XCBuildConfiguration;
			buildSettings = {
				ASSETCATALOG_COMPILER_APPICON_NAME = AppIcon;
				INFOPLIST_FILE = SecondKadaiApp/Info.plist;
				LD_RUNPATH_SEARCH_PATHS = "$(inherited) @executable_path/Frameworks";
				PRODUCT_BUNDLE_IDENTIFIER = jp.techacademy.taiki.itou.SecondKadaiApp;
				PRODUCT_NAME = "$(TARGET_NAME)";
				SWIFT_VERSION = 3.0;
			};
			name = Debug;
		};
		D203587A1EADA8DE003A58FA /* Release */ = {
			isa = XCBuildConfiguration;
			buildSettings = {
				ASSETCATALOG_COMPILER_APPICON_NAME = AppIcon;
				INFOPLIST_FILE = SecondKadaiApp/Info.plist;
				LD_RUNPATH_SEARCH_PATHS = "$(inherited) @executable_path/Frameworks";
				PRODUCT_BUNDLE_IDENTIFIER = jp.techacademy.taiki.itou.SecondKadaiApp;
				PRODUCT_NAME = "$(TARGET_NAME)";
				SWIFT_VERSION = 3.0;
			};
			name = Release;
		};
		D203587C1EADA8DE003A58FA /* Debug */ = {
			isa = XCBuildConfiguration;
			buildSettings = {
				ALWAYS_EMBED_SWIFT_STANDARD_LIBRARIES = YES;
				BUNDLE_LOADER = "$(TEST_HOST)";
				INFOPLIST_FILE = SecondKadaiAppTests/Info.plist;
				LD_RUNPATH_SEARCH_PATHS = "$(inherited) @executable_path/Frameworks @loader_path/Frameworks";
				PRODUCT_BUNDLE_IDENTIFIER = jp.techacademy.taiki.itou.SecondKadaiAppTests;
				PRODUCT_NAME = "$(TARGET_NAME)";
				SWIFT_VERSION = 3.0;
				TEST_HOST = "$(BUILT_PRODUCTS_DIR)/SecondKadaiApp.app/SecondKadaiApp";
			};
			name = Debug;
		};
		D203587D1EADA8DE003A58FA /* Release */ = {
			isa = XCBuildConfiguration;
			buildSettings = {
				ALWAYS_EMBED_SWIFT_STANDARD_LIBRARIES = YES;
				BUNDLE_LOADER = "$(TEST_HOST)";
				INFOPLIST_FILE = SecondKadaiAppTests/Info.plist;
				LD_RUNPATH_SEARCH_PATHS = "$(inherited) @executable_path/Frameworks @loader_path/Frameworks";
				PRODUCT_BUNDLE_IDENTIFIER = jp.techacademy.taiki.itou.SecondKadaiAppTests;
				PRODUCT_NAME = "$(TARGET_NAME)";
				SWIFT_VERSION = 3.0;
				TEST_HOST = "$(BUILT_PRODUCTS_DIR)/SecondKadaiApp.app/SecondKadaiApp";
			};
			name = Release;
		};
		D203587F1EADA8DE003A58FA /* Debug */ = {
			isa = XCBuildConfiguration;
			buildSettings = {
				ALWAYS_EMBED_SWIFT_STANDARD_LIBRARIES = YES;
				INFOPLIST_FILE = SecondKadaiAppUITests/Info.plist;
				LD_RUNPATH_SEARCH_PATHS = "$(inherited) @executable_path/Frameworks @loader_path/Frameworks";
				PRODUCT_BUNDLE_IDENTIFIER = jp.techacademy.taiki.itou.SecondKadaiAppUITests;
				PRODUCT_NAME = "$(TARGET_NAME)";
				SWIFT_VERSION = 3.0;
				TEST_TARGET_NAME = SecondKadaiApp;
			};
			name = Debug;
		};
		D20358801EADA8DE003A58FA /* Release */ = {
			isa = XCBuildConfiguration;
			buildSettings = {
				ALWAYS_EMBED_SWIFT_STANDARD_LIBRARIES = YES;
				INFOPLIST_FILE = SecondKadaiAppUITests/Info.plist;
				LD_RUNPATH_SEARCH_PATHS = "$(inherited) @executable_path/Frameworks @loader_path/Frameworks";
				PRODUCT_BUNDLE_IDENTIFIER = jp.techacademy.taiki.itou.SecondKadaiAppUITests;
				PRODUCT_NAME = "$(TARGET_NAME)";
				SWIFT_VERSION = 3.0;
				TEST_TARGET_NAME = SecondKadaiApp;
			};
			name = Release;
		};
/* End XCBuildConfiguration section */

/* Begin XCConfigurationList section */
		D203584B1EADA8DE003A58FA /* Build configuration list for PBXProject "SecondKadaiApp" */ = {
			isa = XCConfigurationList;
			buildConfigurations = (
				D20358761EADA8DE003A58FA /* Debug */,
				D20358771EADA8DE003A58FA /* Release */,
			);
			defaultConfigurationIsVisible = 0;
			defaultConfigurationName = Release;
		};
		D20358781EADA8DE003A58FA /* Build configuration list for PBXNativeTarget "SecondKadaiApp" */ = {
			isa = XCConfigurationList;
			buildConfigurations = (
				D20358791EADA8DE003A58FA /* Debug */,
				D203587A1EADA8DE003A58FA /* Release */,
			);
			defaultConfigurationIsVisible = 0;
		};
		D203587B1EADA8DE003A58FA /* Build configuration list for PBXNativeTarget "SecondKadaiAppTests" */ = {
			isa = XCConfigurationList;
			buildConfigurations = (
				D203587C1EADA8DE003A58FA /* Debug */,
				D203587D1EADA8DE003A58FA /* Release */,
			);
			defaultConfigurationIsVisible = 0;
		};
		D203587E1EADA8DE003A58FA /* Build configuration list for PBXNativeTarget "SecondKadaiAppUITests" */ = {
			isa = XCConfigurationList;
			buildConfigurations = (
				D203587F1EADA8DE003A58FA /* Debug */,
				D20358801EADA8DE003A58FA /* Release */,
			);
			defaultConfigurationIsVisible = 0;
		};
/* End XCConfigurationList section */
	};
	rootObject = D20358481EADA8DE003A58FA /* Project object */;
}
